
Microsoft Visual Studio Solution File, Format Version 12.00
# Visual Studio Version 17
VisualStudioVersion = 17.12.35323.107
MinimumVisualStudioVersion = 10.0.40219.1
Project("{FAE04EC0-301F-11D3-BF4B-00C04F79EFBC}") = "MetodosOrd", "MetodosOrd\MetodosOrd.csproj", "{1B8D54AC-3A5E-4D19-B776-D8A8A08FD913}"
EndProject
Global
	GlobalSection(SolutionConfigurationPlatforms) = preSolution
		Debug|Any CPU = Debug|Any CPU
		Release|Any CPU = Release|Any CPU
	EndGlobalSection
	GlobalSection(ProjectConfigurationPlatforms) = postSolution
		{1B8D54AC-3A5E-4D19-B776-D8A8A08FD913}.Debug|Any CPU.ActiveCfg = Debug|Any CPU
		{1B8D54AC-3A5E-4D19-B776-D8A8A08FD913}.Debug|Any CPU.Build.0 = Debug|Any CPU
		{1B8D54AC-3A5E-4D19-B776-D8A8A08FD913}.Release|Any CPU.ActiveCfg = Release|Any CPU
		{1B8D54AC-3A5E-4D19-B776-D8A8A08FD913}.Release|Any CPU.Build.0 = Release|Any CPU
	EndGlobalSection
	GlobalSection(SolutionProperties) = preSolution
		HideSolutionNode = FALSE
	EndGlobalSection
	GlobalSection(ExtensibilityGlobals) = postSolution
		SolutionGuid = {8981AC6C-D4B3-4FE8-947F-9FDE3BD46427}
	EndGlobalSection
EndGlobal
